
Microsoft Visual Studio Solution File, Format Version 12.00
# Visual Studio Version 17
VisualStudioVersion = 17.13.35828.75 d17.13
MinimumVisualStudioVersion = 10.0.40219.1
Project("{FAE04EC0-301F-11D3-BF4B-00C04F79EFBC}") = "CSharpTrain", "CSharpTrain\CSharpTrain.csproj", "{B4ADD781-B60A-4EBE-9319-FD5083136617}"
EndProject
Global
	GlobalSection(SolutionConfigurationPlatforms) = preSolution
		Debug|Any CPU = Debug|Any CPU
		Release|Any CPU = Release|Any CPU
	EndGlobalSection
	GlobalSection(ProjectConfigurationPlatforms) = postSolution
		{B4ADD781-B60A-4EBE-9319-FD5083136617}.Debug|Any CPU.ActiveCfg = Debug|Any CPU
		{B4ADD781-B60A-4EBE-9319-FD5083136617}.Debug|Any CPU.Build.0 = Debug|Any CPU
		{B4ADD781-B60A-4EBE-9319-FD5083136617}.Release|Any CPU.ActiveCfg = Release|Any CPU
		{B4ADD781-B60A-4EBE-9319-FD5083136617}.Release|Any CPU.Build.0 = Release|Any CPU
	EndGlobalSection
	GlobalSection(SolutionProperties) = preSolution
		HideSolutionNode = FALSE
	EndGlobalSection
	GlobalSection(ExtensibilityGlobals) = postSolution
		SolutionGuid = {23410EA7-EEFD-49C1-8FC5-D194FF53A2DC}
	EndGlobalSection
EndGlobal
